
Microsoft Visual Studio Solution File, Format Version 12.00
# Visual Studio Version 17
VisualStudioVersion = 17.5.33414.496
MinimumVisualStudioVersion = 10.0.40219.1
Project("{FAE04EC0-301F-11D3-BF4B-00C04F79EFBC}") = "10 - Classe articoli", "10 - Classe articoli.csproj", "{00EA907B-5E7E-4A18-8437-F26B426A6DC7}"
EndProject
Global
	GlobalSection(SolutionConfigurationPlatforms) = preSolution
		Debug|Any CPU = Debug|Any CPU
		Release|Any CPU = Release|Any CPU
	EndGlobalSection
	GlobalSection(ProjectConfigurationPlatforms) = postSolution
		{00EA907B-5E7E-4A18-8437-F26B426A6DC7}.Debug|Any CPU.ActiveCfg = Debug|Any CPU
		{00EA907B-5E7E-4A18-8437-F26B426A6DC7}.Debug|Any CPU.Build.0 = Debug|Any CPU
		{00EA907B-5E7E-4A18-8437-F26B426A6DC7}.Release|Any CPU.ActiveCfg = Release|Any CPU
		{00EA907B-5E7E-4A18-8437-F26B426A6DC7}.Release|Any CPU.Build.0 = Release|Any CPU
	EndGlobalSection
	GlobalSection(SolutionProperties) = preSolution
		HideSolutionNode = FALSE
	EndGlobalSection
	GlobalSection(ExtensibilityGlobals) = postSolution
		SolutionGuid = {4772608F-39BA-4280-AFE9-7B0C1E5952FA}
	EndGlobalSection
EndGlobal
